
Microsoft Visual Studio Solution File, Format Version 12.00
# Visual Studio Version 17
VisualStudioVersion = 17.9.34714.143
MinimumVisualStudioVersion = 10.0.40219.1
Project("{FAE04EC0-301F-11D3-BF4B-00C04F79EFBC}") = "ProjectTest", "ProjectTest\ProjectTest.csproj", "{66CAA3E4-FB0E-4BE6-B3AE-98AE90672BCB}"
EndProject
Global
	GlobalSection(SolutionConfigurationPlatforms) = preSolution
		Debug|Any CPU = Debug|Any CPU
		Release|Any CPU = Release|Any CPU
	EndGlobalSection
	GlobalSection(ProjectConfigurationPlatforms) = postSolution
		{66CAA3E4-FB0E-4BE6-B3AE-98AE90672BCB}.Debug|Any CPU.ActiveCfg = Debug|Any CPU
		{66CAA3E4-FB0E-4BE6-B3AE-98AE90672BCB}.Debug|Any CPU.Build.0 = Debug|Any CPU
		{66CAA3E4-FB0E-4BE6-B3AE-98AE90672BCB}.Release|Any CPU.ActiveCfg = Release|Any CPU
		{66CAA3E4-FB0E-4BE6-B3AE-98AE90672BCB}.Release|Any CPU.Build.0 = Release|Any CPU
	EndGlobalSection
	GlobalSection(SolutionProperties) = preSolution
		HideSolutionNode = FALSE
	EndGlobalSection
	GlobalSection(ExtensibilityGlobals) = postSolution
		SolutionGuid = {C0951129-713D-4569-AD52-0498EEF92234}
	EndGlobalSection
EndGlobal
